
Microsoft Visual Studio Solution File, Format Version 12.00
# Visual Studio Version 16
VisualStudioVersion = 16.0.30503.244
MinimumVisualStudioVersion = 10.0.40219.1
Project("{9A19103F-16F7-4668-BE54-9A1E7A4F7556}") = "CubeSetSearch", "CubeSetSearch.csproj", "{B991DCA2-083E-48B7-8469-F5A4A54266B2}"
EndProject
Global
	GlobalSection(SolutionConfigurationPlatforms) = preSolution
		Debug|Any CPU = Debug|Any CPU
		Release|Any CPU = Release|Any CPU
	EndGlobalSection
	GlobalSection(ProjectConfigurationPlatforms) = postSolution
		{B991DCA2-083E-48B7-8469-F5A4A54266B2}.Debug|Any CPU.ActiveCfg = Debug|Any CPU
		{B991DCA2-083E-48B7-8469-F5A4A54266B2}.Debug|Any CPU.Build.0 = Debug|Any CPU
		{B991DCA2-083E-48B7-8469-F5A4A54266B2}.Release|Any CPU.ActiveCfg = Release|Any CPU
		{B991DCA2-083E-48B7-8469-F5A4A54266B2}.Release|Any CPU.Build.0 = Release|Any CPU
	EndGlobalSection
	GlobalSection(SolutionProperties) = preSolution
		HideSolutionNode = FALSE
	EndGlobalSection
	GlobalSection(ExtensibilityGlobals) = postSolution
		SolutionGuid = {FCAD38ED-9216-4B9A-BF9C-E160446C3CD7}
	EndGlobalSection
EndGlobal
